
Microsoft Visual Studio Solution File, Format Version 12.00
# Visual Studio Version 16
VisualStudioVersion = 16.0.29609.76
MinimumVisualStudioVersion = 10.0.40219.1
Project("{2150E333-8FDC-42A3-9474-1A3956D46DE8}") = "Solution Items", "Solution Items", "{4766B91B-1C55-4EFD-A10E-447ECAB1A3E3}"
	ProjectSection(SolutionItems) = preProject
		.editorconfig = .editorconfig
		README.md = README.md
	EndProjectSection
EndProject
Project("{9A19103F-16F7-4668-BE54-9A1E7A4F7556}") = "JokesAPI", "JokesAPI\JokesAPI.csproj", "{CD1C2319-66CC-4146-B911-40CBA1AEAF3C}"
EndProject
Project("{9A19103F-16F7-4668-BE54-9A1E7A4F7556}") = "JokesAPI.Tests", "JokesAPI.Tests\JokesAPI.Tests.csproj", "{99BECA0D-FB1E-402F-B24F-F8064E3EAFC9}"
EndProject
Global
	GlobalSection(SolutionConfigurationPlatforms) = preSolution
		Debug|Any CPU = Debug|Any CPU
		Release|Any CPU = Release|Any CPU
	EndGlobalSection
	GlobalSection(ProjectConfigurationPlatforms) = postSolution
		{CD1C2319-66CC-4146-B911-40CBA1AEAF3C}.Debug|Any CPU.ActiveCfg = Debug|Any CPU
		{CD1C2319-66CC-4146-B911-40CBA1AEAF3C}.Debug|Any CPU.Build.0 = Debug|Any CPU
		{CD1C2319-66CC-4146-B911-40CBA1AEAF3C}.Release|Any CPU.ActiveCfg = Release|Any CPU
		{CD1C2319-66CC-4146-B911-40CBA1AEAF3C}.Release|Any CPU.Build.0 = Release|Any CPU
		{99BECA0D-FB1E-402F-B24F-F8064E3EAFC9}.Debug|Any CPU.ActiveCfg = Debug|Any CPU
		{99BECA0D-FB1E-402F-B24F-F8064E3EAFC9}.Debug|Any CPU.Build.0 = Debug|Any CPU
		{99BECA0D-FB1E-402F-B24F-F8064E3EAFC9}.Release|Any CPU.ActiveCfg = Release|Any CPU
		{99BECA0D-FB1E-402F-B24F-F8064E3EAFC9}.Release|Any CPU.Build.0 = Release|Any CPU
	EndGlobalSection
	GlobalSection(SolutionProperties) = preSolution
		HideSolutionNode = FALSE
	EndGlobalSection
	GlobalSection(ExtensibilityGlobals) = postSolution
		SolutionGuid = {637E63D7-0C74-4D3E-AFC4-941EAF95EBDF}
	EndGlobalSection
EndGlobal
